
Microsoft Visual Studio Solution File, Format Version 12.00
# Visual Studio Version 16
VisualStudioVersion = 16.0.31702.278
MinimumVisualStudioVersion = 10.0.40219.1
Project("{FAE04EC0-301F-11D3-BF4B-00C04F79EFBC}") = "Proiect", "Proiect\Proiect.csproj", "{17C6AF00-4354-46A9-80E2-9C4ED229E165}"
EndProject
Global
	GlobalSection(SolutionConfigurationPlatforms) = preSolution
		Debug|Any CPU = Debug|Any CPU
		Release|Any CPU = Release|Any CPU
	EndGlobalSection
	GlobalSection(ProjectConfigurationPlatforms) = postSolution
		{17C6AF00-4354-46A9-80E2-9C4ED229E165}.Debug|Any CPU.ActiveCfg = Debug|Any CPU
		{17C6AF00-4354-46A9-80E2-9C4ED229E165}.Debug|Any CPU.Build.0 = Debug|Any CPU
		{17C6AF00-4354-46A9-80E2-9C4ED229E165}.Release|Any CPU.ActiveCfg = Release|Any CPU
		{17C6AF00-4354-46A9-80E2-9C4ED229E165}.Release|Any CPU.Build.0 = Release|Any CPU
	EndGlobalSection
	GlobalSection(SolutionProperties) = preSolution
		HideSolutionNode = FALSE
	EndGlobalSection
	GlobalSection(ExtensibilityGlobals) = postSolution
		SolutionGuid = {091838D6-44B0-4A5F-B3B0-053386B9A578}
	EndGlobalSection
EndGlobal
